
Microsoft Visual Studio Solution File, Format Version 12.00
# Visual Studio Version 17
VisualStudioVersion = 17.14.36221.1 d17.14
MinimumVisualStudioVersion = 10.0.40219.1
Project("{FAE04EC0-301F-11D3-BF4B-00C04F79EFBC}") = "ConsoleApp1", "ConsoleApp1\ConsoleApp1.csproj", "{561129ED-4E71-4536-9958-6157B487308E}"
EndProject
Global
	GlobalSection(SolutionConfigurationPlatforms) = preSolution
		Debug|Any CPU = Debug|Any CPU
		Release|Any CPU = Release|Any CPU
	EndGlobalSection
	GlobalSection(ProjectConfigurationPlatforms) = postSolution
		{561129ED-4E71-4536-9958-6157B487308E}.Debug|Any CPU.ActiveCfg = Debug|Any CPU
		{561129ED-4E71-4536-9958-6157B487308E}.Debug|Any CPU.Build.0 = Debug|Any CPU
		{561129ED-4E71-4536-9958-6157B487308E}.Release|Any CPU.ActiveCfg = Release|Any CPU
		{561129ED-4E71-4536-9958-6157B487308E}.Release|Any CPU.Build.0 = Release|Any CPU
	EndGlobalSection
	GlobalSection(SolutionProperties) = preSolution
		HideSolutionNode = FALSE
	EndGlobalSection
	GlobalSection(ExtensibilityGlobals) = postSolution
		SolutionGuid = {2C63CB27-EFBE-45B4-B2D9-4245D06B095C}
	EndGlobalSection
EndGlobal
